<Solution>
  <Project Path="7_CuaSoTruot_SlidingWindow/7_CuaSoTruot_SlidingWindow.csproj" />
  <Project Path="Game_2048/Game_2048.csproj" />
  <Project Path="Game_Minesweeper/Game_Minesweeper.csproj" />
  <Project Path="Game_Snake/Game_Snake.csproj" />
  <Project Path="HaiConTro_TwoPointers/HaiConTro_TwoPointers.csproj" />
  <Project Path="Learn_BCrypt/Learn_BCrypt.csproj" Id="14902f9e-193e-4e1c-8409-12c36a7c30c9" />
  <Project Path="Learn_DSA/Learn_DSA.csproj" />
</Solution>
